{
  "name": "prova",
  "lockfileVersion": 3,
  "requires": true,
  "packages": {
    "": {
      "dependencies": {
        "@electric-sql/pglite": "^0.2.15"
      }
    },
    "node_modules/@electric-sql/pglite": {
      "version": "0.2.15",
      "resolved": "https://registry.npmjs.org/@electric-sql/pglite/-/pglite-0.2.15.tgz",
      "integrity": "sha512-Jiq31Dnk+rg8rMhcSxs4lQvHTyizNo5b269c1gCC3ldQ0sCLrNVPGzy+KnmonKy1ZArTUuXZf23/UamzFMKVaA==",
      "license": "Apache-2.0"
    }
  }
}
